<?xml version="1.0" encoding="utf-8"?>
<Project ToolsVersion="4.0" xmlns="http://schemas.microsoft.com/developer/msbuild/2003">
  <ItemGroup>
    <Filter Include="ソース ファイル">
      <UniqueIdentifier>{4FC737F1-C7A5-4376-A066-2A32D752A2FF}</UniqueIdentifier>
      <Extensions>cpp;c;cc;cxx;def;odl;idl;hpj;bat;asm;asmx</Extensions>
    </Filter>
    <Filter Include="ヘッダー ファイル">
      <UniqueIdentifier>{93995380-89BD-4b04-88EB-625FBE52EBFB}</UniqueIdentifier>
      <Extensions>h;hh;hpp;hxx;hm;inl;inc;xsd</Extensions>
    </Filter>
    <Filter Include="リソース ファイル">
      <UniqueIdentifier>{67DA6AB6-F800-4c08-8B7A-83BB121AAD01}</UniqueIdentifier>
      <Extensions>rc;ico;cur;bmp;dlg;rc2;rct;bin;rgs;gif;jpg;jpeg;jpe;resx;tiff;tif;png;wav;mfcribbon-ms</Extensions>
    </Filter>
    <Filter Include="ソース ファイル\rapidjson">
      <UniqueIdentifier>{c2ef6781-8926-4479-8ca9-929f779506dd}</UniqueIdentifier>
    </Filter>
    <Filter Include="ソース ファイル\rapidjson\error">
      <UniqueIdentifier>{03ee58a6-5485-413f-acca-45b0cdf9288d}</UniqueIdentifier>
    </Filter>
    <Filter Include="ソース ファイル\rapidjson\internal">
      <UniqueIdentifier>{7dda06bb-0927-47e2-a74f-43f645cef0a8}</UniqueIdentifier>
    </Filter>
    <Filter Include="ソース ファイル\rapidjson\msinttypes">
      <UniqueIdentifier>{e3e6a27e-0029-4ae5-9770-040a3cb9ca9a}</UniqueIdentifier>
    </Filter>
    <Filter Include="ソース ファイル\test">
      <UniqueIdentifier>{fe9eef4f-7db8-4f89-9e55-0832debb98cc}</UniqueIdentifier>
    </Filter>
  </ItemGroup>
  <ItemGroup>
    <ClCompile Include="src\main.cpp">
      <Filter>ソース ファイル</Filter>
    </ClCompile>
    <ClCompile Include="src\test\RapidjsonReadTest.cpp">
      <Filter>ソース ファイル\test</Filter>
    </ClCompile>
    <ClCompile Include="src\test\RapidjsonWriteTest.cpp">
      <Filter>ソース ファイル\test</Filter>
    </ClCompile>
    <ClCompile Include="src\test\JsonWriteTest.cpp">
      <Filter>ソース ファイル\test</Filter>
    </ClCompile>
    <ClCompile Include="src\test\TraitsTest.cpp">
      <Filter>ソース ファイル\test</Filter>
    </ClCompile>
    <ClCompile Include="src\test\JsonReadTest.cpp">
      <Filter>ソース ファイル\test</Filter>
    </ClCompile>
  </ItemGroup>
  <ItemGroup>
    <ClInclude Include="src\rapidjson\allocators.h">
      <Filter>ソース ファイル\rapidjson</Filter>
    </ClInclude>
    <ClInclude Include="src\rapidjson\cursorstreamwrapper.h">
      <Filter>ソース ファイル\rapidjson</Filter>
    </ClInclude>
    <ClInclude Include="src\rapidjson\document.h">
      <Filter>ソース ファイル\rapidjson</Filter>
    </ClInclude>
    <ClInclude Include="src\rapidjson\encodedstream.h">
      <Filter>ソース ファイル\rapidjson</Filter>
    </ClInclude>
    <ClInclude Include="src\rapidjson\encodings.h">
      <Filter>ソース ファイル\rapidjson</Filter>
    </ClInclude>
    <ClInclude Include="src\rapidjson\filereadstream.h">
      <Filter>ソース ファイル\rapidjson</Filter>
    </ClInclude>
    <ClInclude Include="src\rapidjson\filewritestream.h">
      <Filter>ソース ファイル\rapidjson</Filter>
    </ClInclude>
    <ClInclude Include="src\rapidjson\fwd.h">
      <Filter>ソース ファイル\rapidjson</Filter>
    </ClInclude>
    <ClInclude Include="src\rapidjson\istreamwrapper.h">
      <Filter>ソース ファイル\rapidjson</Filter>
    </ClInclude>
    <ClInclude Include="src\rapidjson\memorybuffer.h">
      <Filter>ソース ファイル\rapidjson</Filter>
    </ClInclude>
    <ClInclude Include="src\rapidjson\memorystream.h">
      <Filter>ソース ファイル\rapidjson</Filter>
    </ClInclude>
    <ClInclude Include="src\rapidjson\ostreamwrapper.h">
      <Filter>ソース ファイル\rapidjson</Filter>
    </ClInclude>
    <ClInclude Include="src\rapidjson\pointer.h">
      <Filter>ソース ファイル\rapidjson</Filter>
    </ClInclude>
    <ClInclude Include="src\rapidjson\prettywriter.h">
      <Filter>ソース ファイル\rapidjson</Filter>
    </ClInclude>
    <ClInclude Include="src\rapidjson\rapidjson.h">
      <Filter>ソース ファイル\rapidjson</Filter>
    </ClInclude>
    <ClInclude Include="src\rapidjson\reader.h">
      <Filter>ソース ファイル\rapidjson</Filter>
    </ClInclude>
    <ClInclude Include="src\rapidjson\schema.h">
      <Filter>ソース ファイル\rapidjson</Filter>
    </ClInclude>
    <ClInclude Include="src\rapidjson\stream.h">
      <Filter>ソース ファイル\rapidjson</Filter>
    </ClInclude>
    <ClInclude Include="src\rapidjson\stringbuffer.h">
      <Filter>ソース ファイル\rapidjson</Filter>
    </ClInclude>
    <ClInclude Include="src\rapidjson\writer.h">
      <Filter>ソース ファイル\rapidjson</Filter>
    </ClInclude>
    <ClInclude Include="src\rapidjson\error\en.h">
      <Filter>ソース ファイル\rapidjson\error</Filter>
    </ClInclude>
    <ClInclude Include="src\rapidjson\error\error.h">
      <Filter>ソース ファイル\rapidjson\error</Filter>
    </ClInclude>
    <ClInclude Include="src\rapidjson\internal\biginteger.h">
      <Filter>ソース ファイル\rapidjson\internal</Filter>
    </ClInclude>
    <ClInclude Include="src\rapidjson\internal\diyfp.h">
      <Filter>ソース ファイル\rapidjson\internal</Filter>
    </ClInclude>
    <ClInclude Include="src\rapidjson\internal\dtoa.h">
      <Filter>ソース ファイル\rapidjson\internal</Filter>
    </ClInclude>
    <ClInclude Include="src\rapidjson\internal\ieee754.h">
      <Filter>ソース ファイル\rapidjson\internal</Filter>
    </ClInclude>
    <ClInclude Include="src\rapidjson\internal\itoa.h">
      <Filter>ソース ファイル\rapidjson\internal</Filter>
    </ClInclude>
    <ClInclude Include="src\rapidjson\internal\meta.h">
      <Filter>ソース ファイル\rapidjson\internal</Filter>
    </ClInclude>
    <ClInclude Include="src\rapidjson\internal\pow10.h">
      <Filter>ソース ファイル\rapidjson\internal</Filter>
    </ClInclude>
    <ClInclude Include="src\rapidjson\internal\regex.h">
      <Filter>ソース ファイル\rapidjson\internal</Filter>
    </ClInclude>
    <ClInclude Include="src\rapidjson\internal\stack.h">
      <Filter>ソース ファイル\rapidjson\internal</Filter>
    </ClInclude>
    <ClInclude Include="src\rapidjson\internal\strfunc.h">
      <Filter>ソース ファイル\rapidjson\internal</Filter>
    </ClInclude>
    <ClInclude Include="src\rapidjson\internal\strtod.h">
      <Filter>ソース ファイル\rapidjson\internal</Filter>
    </ClInclude>
    <ClInclude Include="src\rapidjson\internal\swap.h">
      <Filter>ソース ファイル\rapidjson\internal</Filter>
    </ClInclude>
    <ClInclude Include="src\rapidjson\msinttypes\inttypes.h">
      <Filter>ソース ファイル\rapidjson\msinttypes</Filter>
    </ClInclude>
    <ClInclude Include="src\rapidjson\msinttypes\stdint.h">
      <Filter>ソース ファイル\rapidjson\msinttypes</Filter>
    </ClInclude>
    <ClInclude Include="src\JSONOutputArchive.h">
      <Filter>ソース ファイル</Filter>
    </ClInclude>
    <ClInclude Include="src\JSONInputArchive.h">
      <Filter>ソース ファイル</Filter>
    </ClInclude>
    <ClInclude Include="src\traits.h">
      <Filter>ソース ファイル</Filter>
    </ClInclude>
    <ClInclude Include="src\NameValuePair.h">
      <Filter>ソース ファイル</Filter>
    </ClInclude>
  </ItemGroup>
</Project>